
Microsoft Visual Studio Solution File, Format Version 11.00
# Visual Studio 2010
Project("{FAE04EC0-301F-11D3-BF4B-00C04F79EFBC}") = "WhatsAppAPI.GateWay", "WhatsAppAPI.GateWay\WhatsAppAPI.GateWay.csproj", "{078E04D7-E9D6-462A-8B27-E6B3A962994C}"
EndProject
Project("{FAE04EC0-301F-11D3-BF4B-00C04F79EFBC}") = "WhatsAppAPI.GateWay.Test", "WhatsAppAPI.GateWay.Test\WhatsAppAPI.GateWay.Test.csproj", "{1DB2F5AB-E642-4E4A-8510-ADF82DD82B90}"
EndProject
Global
	GlobalSection(SolutionConfigurationPlatforms) = preSolution
		Debug|Any CPU = Debug|Any CPU
		Release|Any CPU = Release|Any CPU
	EndGlobalSection
	GlobalSection(ProjectConfigurationPlatforms) = postSolution
		{078E04D7-E9D6-462A-8B27-E6B3A962994C}.Debug|Any CPU.ActiveCfg = Debug|Any CPU
		{078E04D7-E9D6-462A-8B27-E6B3A962994C}.Debug|Any CPU.Build.0 = Debug|Any CPU
		{078E04D7-E9D6-462A-8B27-E6B3A962994C}.Release|Any CPU.ActiveCfg = Release|Any CPU
		{078E04D7-E9D6-462A-8B27-E6B3A962994C}.Release|Any CPU.Build.0 = Release|Any CPU
		{1DB2F5AB-E642-4E4A-8510-ADF82DD82B90}.Debug|Any CPU.ActiveCfg = Debug|Any CPU
		{1DB2F5AB-E642-4E4A-8510-ADF82DD82B90}.Debug|Any CPU.Build.0 = Debug|Any CPU
		{1DB2F5AB-E642-4E4A-8510-ADF82DD82B90}.Release|Any CPU.ActiveCfg = Release|Any CPU
		{1DB2F5AB-E642-4E4A-8510-ADF82DD82B90}.Release|Any CPU.Build.0 = Release|Any CPU
	EndGlobalSection
	GlobalSection(SolutionProperties) = preSolution
		HideSolutionNode = FALSE
	EndGlobalSection
EndGlobal
